// !$*UTF8*$!
{
	archiveVersion = 1;
	classes = {
	};
	objectVersion = 56;
	objects = {

/* Begin PBXBuildFile section */
		FA39D8AB2B1E047200F62546 /* ExpensesView.swift in Sources */ = {isa = PBXBuildFile; fileRef = FA39D8AA2B1E047200F62546 /* ExpensesView.swift */; };
		FA47702C2B0E7ED60086F808 /* Expenses.swift in Sources */ = {isa = PBXBuildFile; fileRef = FA47702B2B0E7ED60086F808 /* Expenses.swift */; };
		FA6FEC2C2AFFBD4E006E848D /* ExpensesRowView.swift in Sources */ = {isa = PBXBuildFile; fileRef = FA6FEC2B2AFFBD4E006E848D /* ExpensesRowView.swift */; };
		FAF0D97B2AFD0B61005B7DD3 /* iExpenseApp.swift in Sources */ = {isa = PBXBuildFile; fileRef = FAF0D97A2AFD0B61005B7DD3 /* iExpenseApp.swift */; };
		FAF0D97D2AFD0B61005B7DD3 /* ContentView.swift in Sources */ = {isa = PBXBuildFile; fileRef = FAF0D97C2AFD0B61005B7DD3 /* ContentView.swift */; };
		FAF0D97F2AFD0B62005B7DD3 /* Assets.xcassets in Resources */ = {isa = PBXBuildFile; fileRef = FAF0D97E2AFD0B62005B7DD3 /* Assets.xcassets */; };
		FAF0D9822AFD0B62005B7DD3 /* Preview Assets.xcassets in Resources */ = {isa = PBXBuildFile; fileRef = FAF0D9812AFD0B62005B7DD3 /* Preview Assets.xcassets */; };
		FAF0D9892AFD95B4005B7DD3 /* AddView.swift in Sources */ = {isa = PBXBuildFile; fileRef = FAF0D9882AFD95B4005B7DD3 /* AddView.swift */; };
/* End PBXBuildFile section */

/* Begin PBXFileReference section */
		FA39D8AA2B1E047200F62546 /* ExpensesView.swift */ = {isa = PBXFileReference; lastKnownFileType = sourcecode.swift; path = ExpensesView.swift; sourceTree = "<group>"; };
		FA47702B2B0E7ED60086F808 /* Expenses.swift */ = {isa = PBXFileReference; lastKnownFileType = sourcecode.swift; path = Expenses.swift; sourceTree = "<group>"; };
		FA6FEC2B2AFFBD4E006E848D /* ExpensesRowView.swift */ = {isa = PBXFileReference; lastKnownFileType = sourcecode.swift; path = ExpensesRowView.swift; sourceTree = "<group>"; };
		FAF0D9772AFD0B61005B7DD3 /* iExpense.app */ = {isa = PBXFileReference; explicitFileType = wrapper.application; includeInIndex = 0; path = iExpense.app; sourceTree = BUILT_PRODUCTS_DIR; };
		FAF0D97A2AFD0B61005B7DD3 /* iExpenseApp.swift */ = {isa = PBXFileReference; lastKnownFileType = sourcecode.swift; path = iExpenseApp.swift; sourceTree = "<group>"; };
		FAF0D97C2AFD0B61005B7DD3 /* ContentView.swift */ = {isa = PBXFileReference; lastKnownFileType = sourcecode.swift; path = ContentView.swift; sourceTree = "<group>"; };
		FAF0D97E2AFD0B62005B7DD3 /* Assets.xcassets */ = {isa = PBXFileReference; lastKnownFileType = folder.assetcatalog; path = Assets.xcassets; sourceTree = "<group>"; };
		FAF0D9812AFD0B62005B7DD3 /* Preview Assets.xcassets */ = {isa = PBXFileReference; lastKnownFileType = folder.assetcatalog; path = "Preview Assets.xcassets"; sourceTree = "<group>"; };
		FAF0D9882AFD95B4005B7DD3 /* AddView.swift */ = {isa = PBXFileReference; lastKnownFileType = sourcecode.swift; path = AddView.swift; sourceTree = "<group>"; };
/* End PBXFileReference section */

/* Begin PBXFrameworksBuildPhase section */
		FAF0D9742AFD0B61005B7DD3 /* Frameworks */ = {
			isa = PBXFrameworksBuildPhase;
			buildActionMask = 2147483647;
			files = (
			);
			runOnlyForDeploymentPostprocessing = 0;
		};
/* End PBXFrameworksBuildPhase section */

/* Begin PBXGroup section */
		FA47702D2B0E8BA20086F808 /* Application */ = {
			isa = PBXGroup;
			children = (
				FAF0D97A2AFD0B61005B7DD3 /* iExpenseApp.swift */,
			);
			path = Application;
			sourceTree = "<group>";
		};
		FA47702E2B0E8BBE0086F808 /* Models */ = {
			isa = PBXGroup;
			children = (
				FA47702B2B0E7ED60086F808 /* Expenses.swift */,
			);
			path = Models;
			sourceTree = "<group>";
		};
		FA47702F2B0E8BD20086F808 /* Views */ = {
			isa = PBXGroup;
			children = (
				FAF0D97C2AFD0B61005B7DD3 /* ContentView.swift */,
				FA39D8AA2B1E047200F62546 /* ExpensesView.swift */,
				FAF0D9882AFD95B4005B7DD3 /* AddView.swift */,
				FA6FEC2B2AFFBD4E006E848D /* ExpensesRowView.swift */,
			);
			path = Views;
			sourceTree = "<group>";
		};
		FA4770312B0E8BE50086F808 /* Resources */ = {
			isa = PBXGroup;
			children = (
				FAF0D97E2AFD0B62005B7DD3 /* Assets.xcassets */,
			);
			path = Resources;
			sourceTree = "<group>";
		};
		FAF0D96E2AFD0B61005B7DD3 = {
			isa = PBXGroup;
			children = (
				FAF0D9792AFD0B61005B7DD3 /* iExpense */,
				FAF0D9782AFD0B61005B7DD3 /* Products */,
			);
			sourceTree = "<group>";
		};
		FAF0D9782AFD0B61005B7DD3 /* Products */ = {
			isa = PBXGroup;
			children = (
				FAF0D9772AFD0B61005B7DD3 /* iExpense.app */,
			);
			name = Products;
			sourceTree = "<group>";
		};
		FAF0D9792AFD0B61005B7DD3 /* iExpense */ = {
			isa = PBXGroup;
			children = (
				FA47702D2B0E8BA20086F808 /* Application */,
				FA47702E2B0E8BBE0086F808 /* Models */,
				FA47702F2B0E8BD20086F808 /* Views */,
				FA4770312B0E8BE50086F808 /* Resources */,
				FAF0D9802AFD0B62005B7DD3 /* Preview Content */,
			);
			path = iExpense;
			sourceTree = "<group>";
		};
		FAF0D9802AFD0B62005B7DD3 /* Preview Content */ = {
			isa = PBXGroup;
			children = (
				FAF0D9812AFD0B62005B7DD3 /* Preview Assets.xcassets */,
			);
			path = "Preview Content";
			sourceTree = "<group>";
		};
/* End PBXGroup section */

/* Begin PBXNativeTarget section */
		FAF0D9762AFD0B61005B7DD3 /* iExpense */ = {
			isa = PBXNativeTarget;
			buildConfigurationList = FAF0D9852AFD0B62005B7DD3 /* Build configuration list for PBXNativeTarget "iExpense" */;
			buildPhases = (
				FAF0D9732AFD0B61005B7DD3 /* Sources */,
				FAF0D9742AFD0B61005B7DD3 /* Frameworks */,
				FAF0D9752AFD0B61005B7DD3 /* Resources */,
			);
			buildRules = (
			);
			dependencies = (
			);
			name = iExpense;
			productName = iExpense;
			productReference = FAF0D9772AFD0B61005B7DD3 /* iExpense.app */;
			productType = "com.apple.product-type.application";
		};
/* End PBXNativeTarget section */

/* Begin PBXProject section */
		FAF0D96F2AFD0B61005B7DD3 /* Project object */ = {
			isa = PBXProject;
			attributes = {
				BuildIndependentTargetsInParallel = 1;
				LastSwiftUpdateCheck = 1500;
				LastUpgradeCheck = 1500;
				TargetAttributes = {
					FAF0D9762AFD0B61005B7DD3 = {
						CreatedOnToolsVersion = 15.0.1;
					};
				};
			};
			buildConfigurationList = FAF0D9722AFD0B61005B7DD3 /* Build configuration list for PBXProject "iExpense" */;
			compatibilityVersion = "Xcode 14.0";
			developmentRegion = en;
			hasScannedForEncodings = 0;
			knownRegions = (
				en,
				Base,
			);
			mainGroup = FAF0D96E2AFD0B61005B7DD3;
			productRefGroup = FAF0D9782AFD0B61005B7DD3 /* Products */;
			projectDirPath = "";
			projectRoot = "";
			targets = (
				FAF0D9762AFD0B61005B7DD3 /* iExpense */,
			);
		};
/* End PBXProject section */

/* Begin PBXResourcesBuildPhase section */
		FAF0D9752AFD0B61005B7DD3 /* Resources */ = {
			isa = PBXResourcesBuildPhase;
			buildActionMask = 2147483647;
			files = (
				FAF0D9822AFD0B62005B7DD3 /* Preview Assets.xcassets in Resources */,
				FAF0D97F2AFD0B62005B7DD3 /* Assets.xcassets in Resources */,
			);
			runOnlyForDeploymentPostprocessing = 0;
		};
/* End PBXResourcesBuildPhase section */

/* Begin PBXSourcesBuildPhase section */
		FAF0D9732AFD0B61005B7DD3 /* Sources */ = {
			isa = PBXSourcesBuildPhase;
			buildActionMask = 2147483647;
			files = (
				FAF0D97D2AFD0B61005B7DD3 /* ContentView.swift in Sources */,
				FA39D8AB2B1E047200F62546 /* ExpensesView.swift in Sources */,
				FAF0D97B2AFD0B61005B7DD3 /* iExpenseApp.swift in Sources */,
				FA47702C2B0E7ED60086F808 /* Expenses.swift in Sources */,
				FA6FEC2C2AFFBD4E006E848D /* ExpensesRowView.swift in Sources */,
				FAF0D9892AFD95B4005B7DD3 /* AddView.swift in Sources */,
			);
			runOnlyForDeploymentPostprocessing = 0;
		};
/* End PBXSourcesBuildPhase section */

/* Begin XCBuildConfiguration section */
		FAF0D9832AFD0B62005B7DD3 /* Debug */ = {
			isa = XCBuildConfiguration;
			buildSettings = {
				ALWAYS_SEARCH_USER_PATHS = NO;
				ASSETCATALOG_COMPILER_GENERATE_SWIFT_ASSET_SYMBOL_EXTENSIONS = YES;
				CLANG_ANALYZER_NONNULL = YES;
				CLANG_ANALYZER_NUMBER_OBJECT_CONVERSION = YES_AGGRESSIVE;
				CLANG_CXX_LANGUAGE_STANDARD = "gnu++20";
				CLANG_ENABLE_MODULES = YES;
				CLANG_ENABLE_OBJC_ARC = YES;
				CLANG_ENABLE_OBJC_WEAK = YES;
				CLANG_WARN_BLOCK_CAPTURE_AUTORELEASING = YES;
				CLANG_WARN_BOOL_CONVERSION = YES;
				CLANG_WARN_COMMA = YES;
				CLANG_WARN_CONSTANT_CONVERSION = YES;
				CLANG_WARN_DEPRECATED_OBJC_IMPLEMENTATIONS = YES;
				CLANG_WARN_DIRECT_OBJC_ISA_USAGE = YES_ERROR;
				CLANG_WARN_DOCUMENTATION_COMMENTS = YES;
				CLANG_WARN_EMPTY_BODY = YES;
				CLANG_WARN_ENUM_CONVERSION = YES;
				CLANG_WARN_INFINITE_RECURSION = YES;
				CLANG_WARN_INT_CONVERSION = YES;
				CLANG_WARN_NON_LITERAL_NULL_CONVERSION = YES;
				CLANG_WARN_OBJC_IMPLICIT_RETAIN_SELF = YES;
				CLANG_WARN_OBJC_LITERAL_CONVERSION = YES;
				CLANG_WARN_OBJC_ROOT_CLASS = YES_ERROR;
				CLANG_WARN_QUOTED_INCLUDE_IN_FRAMEWORK_HEADER = YES;
				CLANG_WARN_RANGE_LOOP_ANALYSIS = YES;
				CLANG_WARN_STRICT_PROTOTYPES = YES;
				CLANG_WARN_SUSPICIOUS_MOVE = YES;
				CLANG_WARN_UNGUARDED_AVAILABILITY = YES_AGGRESSIVE;
				CLANG_WARN_UNREACHABLE_CODE = YES;
				CLANG_WARN__DUPLICATE_METHOD_MATCH = YES;
				COPY_PHASE_STRIP = NO;
				DEBUG_INFORMATION_FORMAT = dwarf;
				ENABLE_STRICT_OBJC_MSGSEND = YES;
				ENABLE_TESTABILITY = YES;
				ENABLE_USER_SCRIPT_SANDBOXING = YES;
				GCC_C_LANGUAGE_STANDARD = gnu17;
				GCC_DYNAMIC_NO_PIC = NO;
				GCC_NO_COMMON_BLOCKS = YES;
				GCC_OPTIMIZATION_LEVEL = 0;
				GCC_PREPROCESSOR_DEFINITIONS = (
					"DEBUG=1",
					"$(inherited)",
				);
				GCC_WARN_64_TO_32_BIT_CONVERSION = YES;
				GCC_WARN_ABOUT_RETURN_TYPE = YES_ERROR;
				GCC_WARN_UNDECLARED_SELECTOR = YES;
				GCC_WARN_UNINITIALIZED_AUTOS = YES_AGGRESSIVE;
				GCC_WARN_UNUSED_FUNCTION = YES;
				GCC_WARN_UNUSED_VARIABLE = YES;
				IPHONEOS_DEPLOYMENT_TARGET = 17.0;
				LOCALIZATION_PREFERS_STRING_CATALOGS = YES;
				MTL_ENABLE_DEBUG_INFO = INCLUDE_SOURCE;
				MTL_FAST_MATH = YES;
				ONLY_ACTIVE_ARCH = YES;
				SDKROOT = iphoneos;
				SWIFT_ACTIVE_COMPILATION_CONDITIONS = "DEBUG $(inherited)";
				SWIFT_OPTIMIZATION_LEVEL = "-Onone";
			};
			name = Debug;
		};
		FAF0D9842AFD0B62005B7DD3 /* Release */ = {
			isa = XCBuildConfiguration;
			buildSettings = {
				ALWAYS_SEARCH_USER_PATHS = NO;
				ASSETCATALOG_COMPILER_GENERATE_SWIFT_ASSET_SYMBOL_EXTENSIONS = YES;
				CLANG_ANALYZER_NONNULL = YES;
				CLANG_ANALYZER_NUMBER_OBJECT_CONVERSION = YES_AGGRESSIVE;
				CLANG_CXX_LANGUAGE_STANDARD = "gnu++20";
				CLANG_ENABLE_MODULES = YES;
				CLANG_ENABLE_OBJC_ARC = YES;
				CLANG_ENABLE_OBJC_WEAK = YES;
				CLANG_WARN_BLOCK_CAPTURE_AUTORELEASING = YES;
				CLANG_WARN_BOOL_CONVERSION = YES;
				CLANG_WARN_COMMA = YES;
				CLANG_WARN_CONSTANT_CONVERSION = YES;
				CLANG_WARN_DEPRECATED_OBJC_IMPLEMENTATIONS = YES;
				CLANG_WARN_DIRECT_OBJC_ISA_USAGE = YES_ERROR;
				CLANG_WARN_DOCUMENTATION_COMMENTS = YES;
				CLANG_WARN_EMPTY_BODY = YES;
				CLANG_WARN_ENUM_CONVERSION = YES;
				CLANG_WARN_INFINITE_RECURSION = YES;
				CLANG_WARN_INT_CONVERSION = YES;
				CLANG_WARN_NON_LITERAL_NULL_CONVERSION = YES;
				CLANG_WARN_OBJC_IMPLICIT_RETAIN_SELF = YES;
				CLANG_WARN_OBJC_LITERAL_CONVERSION = YES;
				CLANG_WARN_OBJC_ROOT_CLASS = YES_ERROR;
				CLANG_WARN_QUOTED_INCLUDE_IN_FRAMEWORK_HEADER = YES;
				CLANG_WARN_RANGE_LOOP_ANALYSIS = YES;
				CLANG_WARN_STRICT_PROTOTYPES = YES;
				CLANG_WARN_SUSPICIOUS_MOVE = YES;
				CLANG_WARN_UNGUARDED_AVAILABILITY = YES_AGGRESSIVE;
				CLANG_WARN_UNREACHABLE_CODE = YES;
				CLANG_WARN__DUPLICATE_METHOD_MATCH = YES;
				COPY_PHASE_STRIP = NO;
				DEBUG_INFORMATION_FORMAT = "dwarf-with-dsym";
				ENABLE_NS_ASSERTIONS = NO;
				ENABLE_STRICT_OBJC_MSGSEND = YES;
				ENABLE_USER_SCRIPT_SANDBOXING = YES;
				GCC_C_LANGUAGE_STANDARD = gnu17;
				GCC_NO_COMMON_BLOCKS = YES;
				GCC_WARN_64_TO_32_BIT_CONVERSION = YES;
				GCC_WARN_ABOUT_RETURN_TYPE = YES_ERROR;
				GCC_WARN_UNDECLARED_SELECTOR = YES;
				GCC_WARN_UNINITIALIZED_AUTOS = YES_AGGRESSIVE;
				GCC_WARN_UNUSED_FUNCTION = YES;
				GCC_WARN_UNUSED_VARIABLE = YES;
				IPHONEOS_DEPLOYMENT_TARGET = 17.0;
				LOCALIZATION_PREFERS_STRING_CATALOGS = YES;
				MTL_ENABLE_DEBUG_INFO = NO;
				MTL_FAST_MATH = YES;
				SDKROOT = iphoneos;
				SWIFT_COMPILATION_MODE = wholemodule;
				VALIDATE_PRODUCT = YES;
			};
			name = Release;
		};
		FAF0D9862AFD0B62005B7DD3 /* Debug */ = {
			isa = XCBuildConfiguration;
			buildSettings = {
				ASSETCATALOG_COMPILER_APPICON_NAME = AppIcon;
				ASSETCATALOG_COMPILER_GLOBAL_ACCENT_COLOR_NAME = AccentColor;
				CODE_SIGN_STYLE = Automatic;
				CURRENT_PROJECT_VERSION = 1;
				DEVELOPMENT_ASSET_PATHS = "\"iExpense/Preview Content\"";
				DEVELOPMENT_TEAM = 5WNGG93AJL;
				ENABLE_PREVIEWS = YES;
				GENERATE_INFOPLIST_FILE = YES;
				INFOPLIST_KEY_UIApplicationSceneManifest_Generation = YES;
				INFOPLIST_KEY_UIApplicationSupportsIndirectInputEvents = YES;
				INFOPLIST_KEY_UILaunchScreen_Generation = YES;
				INFOPLIST_KEY_UISupportedInterfaceOrientations_iPad = "UIInterfaceOrientationPortrait UIInterfaceOrientationPortraitUpsideDown UIInterfaceOrientationLandscapeLeft UIInterfaceOrientationLandscapeRight";
				INFOPLIST_KEY_UISupportedInterfaceOrientations_iPhone = "UIInterfaceOrientationPortrait UIInterfaceOrientationLandscapeLeft UIInterfaceOrientationLandscapeRight";
				LD_RUNPATH_SEARCH_PATHS = (
					"$(inherited)",
					"@executable_path/Frameworks",
				);
				MARKETING_VERSION = 1.0;
				PRODUCT_BUNDLE_IDENTIFIER = "Zhulai-Alex.iExpense";
				PRODUCT_NAME = "$(TARGET_NAME)";
				SWIFT_EMIT_LOC_STRINGS = YES;
				SWIFT_VERSION = 5.0;
				TARGETED_DEVICE_FAMILY = "1,2";
			};
			name = Debug;
		};
		FAF0D9872AFD0B62005B7DD3 /* Release */ = {
			isa = XCBuildConfiguration;
			buildSettings = {
				ASSETCATALOG_COMPILER_APPICON_NAME = AppIcon;
				ASSETCATALOG_COMPILER_GLOBAL_ACCENT_COLOR_NAME = AccentColor;
				CODE_SIGN_STYLE = Automatic;
				CURRENT_PROJECT_VERSION = 1;
				DEVELOPMENT_ASSET_PATHS = "\"iExpense/Preview Content\"";
				DEVELOPMENT_TEAM = 5WNGG93AJL;
				ENABLE_PREVIEWS = YES;
				GENERATE_INFOPLIST_FILE = YES;
				INFOPLIST_KEY_UIApplicationSceneManifest_Generation = YES;
				INFOPLIST_KEY_UIApplicationSupportsIndirectInputEvents = YES;
				INFOPLIST_KEY_UILaunchScreen_Generation = YES;
				INFOPLIST_KEY_UISupportedInterfaceOrientations_iPad = "UIInterfaceOrientationPortrait UIInterfaceOrientationPortraitUpsideDown UIInterfaceOrientationLandscapeLeft UIInterfaceOrientationLandscapeRight";
				INFOPLIST_KEY_UISupportedInterfaceOrientations_iPhone = "UIInterfaceOrientationPortrait UIInterfaceOrientationLandscapeLeft UIInterfaceOrientationLandscapeRight";
				LD_RUNPATH_SEARCH_PATHS = (
					"$(inherited)",
					"@executable_path/Frameworks",
				);
				MARKETING_VERSION = 1.0;
				PRODUCT_BUNDLE_IDENTIFIER = "Zhulai-Alex.iExpense";
				PRODUCT_NAME = "$(TARGET_NAME)";
				SWIFT_EMIT_LOC_STRINGS = YES;
				SWIFT_VERSION = 5.0;
				TARGETED_DEVICE_FAMILY = "1,2";
			};
			name = Release;
		};
/* End XCBuildConfiguration section */

/* Begin XCConfigurationList section */
		FAF0D9722AFD0B61005B7DD3 /* Build configuration list for PBXProject "iExpense" */ = {
			isa = XCConfigurationList;
			buildConfigurations = (
				FAF0D9832AFD0B62005B7DD3 /* Debug */,
				FAF0D9842AFD0B62005B7DD3 /* Release */,
			);
			defaultConfigurationIsVisible = 0;
			defaultConfigurationName = Release;
		};
		FAF0D9852AFD0B62005B7DD3 /* Build configuration list for PBXNativeTarget "iExpense" */ = {
			isa = XCConfigurationList;
			buildConfigurations = (
				FAF0D9862AFD0B62005B7DD3 /* Debug */,
				FAF0D9872AFD0B62005B7DD3 /* Release */,
			);
			defaultConfigurationIsVisible = 0;
			defaultConfigurationName = Release;
		};
/* End XCConfigurationList section */
	};
	rootObject = FAF0D96F2AFD0B61005B7DD3 /* Project object */;
}
